PODS:
  - Flutter (1.0.0)
  - flutter_custom_tabs_ios (2.2.0):
    - Flutter
  - integration_test (0.0.1):
    - Flutter

DEPENDENCIES:
  - Flutter (from `Flutter`)
  - flutter_custom_tabs_ios (from `.symlinks/plugins/flutter_custom_tabs_ios/ios`)
  - integration_test (from `.symlinks/plugins/integration_test/ios`)

EXTERNAL SOURCES:
  Flutter:
    :path: Flutter
  flutter_custom_tabs_ios:
    :path: ".symlinks/plugins/flutter_custom_tabs_ios/ios"
  integration_test:
    :path: ".symlinks/plugins/integration_test/ios"

SPEC CHECKSUMS:
  Flutter: e0871f40cf51350855a761d2e70bf5af5b9b5de7
  flutter_custom_tabs_ios: ee9cee554dcc7e396b750a78ea212baf2582cc29
  integration_test: 13825b8a9334a850581300559b8839134b124670

PODFILE CHECKSUM: 2f40fced8ccaa4f568954e339e48cea7e274cbdb

COCOAPODS: 1.15.2
