PODS:
  - Flutter (1.0.0)
  - flutter_custom_tabs (0.0.1):
    - Flutter

DEPENDENCIES:
  - Flutter (from `Flutter`)
  - flutter_custom_tabs (from `.symlinks/plugins/flutter_custom_tabs/ios`)

EXTERNAL SOURCES:
  Flutter:
    :path: Flutter
  flutter_custom_tabs:
    :path: ".symlinks/plugins/flutter_custom_tabs/ios"

SPEC CHECKSUMS:
  Flutter: f04841e97a9d0b0a8025694d0796dd46242b2854
  flutter_custom_tabs: 039f4c6f9e4007558d8f967747c17cf7d2b2b10f

PODFILE CHECKSUM: ef19549a9bc3046e7bb7d2fab4d021637c0c58a3

COCOAPODS: 1.12.0
